
Microsoft Visual Studio Solution File, Format Version 12.00
# Visual Studio Version 17
VisualStudioVersion = 17.1.32328.378
MinimumVisualStudioVersion = 10.0.40219.1
Project("{FAE04EC0-301F-11D3-BF4B-00C04F79EFBC}") = "BrothersGame.Core", "BrothersGame.Core\BrothersGame.Core.csproj", "{F4091C79-459E-40E1-A057-36D95735F31F}"
EndProject
Global
	GlobalSection(SolutionConfigurationPlatforms) = preSolution
		Debug|Any CPU = Debug|Any CPU
		Release|Any CPU = Release|Any CPU
	EndGlobalSection
	GlobalSection(ProjectConfigurationPlatforms) = postSolution
		{F4091C79-459E-40E1-A057-36D95735F31F}.Debug|Any CPU.ActiveCfg = Debug|Any CPU
		{F4091C79-459E-40E1-A057-36D95735F31F}.Debug|Any CPU.Build.0 = Debug|Any CPU
		{F4091C79-459E-40E1-A057-36D95735F31F}.Release|Any CPU.ActiveCfg = Release|Any CPU
		{F4091C79-459E-40E1-A057-36D95735F31F}.Release|Any CPU.Build.0 = Release|Any CPU
	EndGlobalSection
	GlobalSection(SolutionProperties) = preSolution
		HideSolutionNode = FALSE
	EndGlobalSection
	GlobalSection(ExtensibilityGlobals) = postSolution
		SolutionGuid = {9D619ABB-7DC8-4937-B933-FB8E67A10018}
	EndGlobalSection
EndGlobal
